version = 1
revision = 3
requires-python = ">=3.14"

[[package]]
name = "click"
version = "8.3.1"
source = { registry = "https://pypi.org/simple" }
dependencies = [
    { name = "colorama", marker = "sys_platform == 'win32'" },
]
sdist = { url = "https://files.pythonhosted.org/packages/3d/fa/656b739db8587d7b5dfa22e22ed02566950fbfbcdc20311993483657a5c0/click-8.3.1.tar.gz", hash = "sha256:12ff4785d337a1bb490bb7e9c2b1ee5da3112e94a8622f26a6c77f5d2fc6842a", size = 295065, upload-time = "2025-11-15T20:45:42.706Z" }
wheels = [
    { url = "https://files.pythonhosted.org/packages/98/78/01c019cdb5d6498122777c1a43056ebb3ebfeef2076d9d026bfe15583b2b/click-8.3.1-py3-none-any.whl", hash = "sha256:981153a64e25f12d547d3426c367a4857371575ee7ad18df2a6183ab0545b2a6", size = 108274, upload-time = "2025-11-15T20:45:41.139Z" },
]

[[package]]
name = "colorama"
version = "0.4.6"
source = { registry = "https://pypi.org/simple" }
sdist = { url = "https://files.pythonhosted.org/packages/d8/53/6f443c9a4a8358a93a6792e2acffb9d9d5cb0a5cfd8802644b7b1c9a02e4/colorama-0.4.6.tar.gz", hash = "sha256:08695f5cb7ed6e0531a20572697297273c47b8cae5a63ffc6d6ed5c201be6e44", size = 27697, upload-time = "2022-10-25T02:36:22.414Z" }
wheels = [
    { url = "https://files.pythonhosted.org/packages/d1/d6/3965ed04c63042e047cb6a3e6ed1a63a35087b6a609aa3a15ed8ac56c221/colorama-0.4.6-py2.py3-none-any.whl", hash = "sha256:4f1d9991f5acc0ca119f9d443620b77f9d6b33703e51011c16baf57afb285fc6", size = 25335, upload-time = "2022-10-25T02:36:20.889Z" },
]

[[package]]
name = "deptry"
version = "0.24.0"
source = { registry = "https://pypi.org/simple" }
dependencies = [
    { name = "click" },
    { name = "colorama", marker = "sys_platform == 'win32'" },
    { name = "packaging" },
    { name = "requirements-parser" },
]
sdist = { url = "https://files.pythonhosted.org/packages/58/aa/5cae0f25a2ac5334d5bd2782a6bcd80eecf184f433ff74b2fb0387cfbbb6/deptry-0.24.0.tar.gz", hash = "sha256:852e88af2087e03cdf9ece6916f3f58b74191ab51cc8074897951bd496ee7dbb", size = 440158, upload-time = "2025-11-09T00:31:44.637Z" }
wheels = [
    { url = "https://files.pythonhosted.org/packages/21/5a/c1552996499911b6eabe874a994d9eede58ac3936d7fe7f865857b97c03f/deptry-0.24.0-cp39-abi3-macosx_10_12_x86_64.whl", hash = "sha256:a575880146bab671a62babb9825b85b4f1bda8aeaade4fcb59f9262caf91d6c7", size = 1774138, upload-time = "2025-11-09T00:31:41.896Z" },
    { url = "https://files.pythonhosted.org/packages/32/b6/1dcc011fc3e6eec71601569c9de3215530563412b3714fba80dcd1a88ec8/deptry-0.24.0-cp39-abi3-macosx_11_0_arm64.whl", hash = "sha256:00ec34b968a13c03a5268ce0211f891ace31851d916415e0a748fae9596c00d5", size = 1677340, upload-time = "2025-11-09T00:31:39.676Z" },
    { url = "https://files.pythonhosted.org/packages/4a/e2/af81dfd46b457be9e8ded9472872141777fbda8af661f5d509157b165359/deptry-0.24.0-cp39-abi3-manylinux_2_17_aarch64.manylinux2014_aarch64.whl", hash = "sha256:6ddfedafafe5cbfce31a50d4ea99d7b9074edcd08b9b94350dc739e2fb6ed7f9", size = 1782740, upload-time = "2025-11-09T00:31:28.302Z" },
    { url = "https://files.pythonhosted.org/packages/ab/28/960c311aae084deef57ece41aac13cb359b06ce31b7771139e79c394a1b7/deptry-0.24.0-cp39-abi3-manylinux_2_17_x86_64.manylinux2014_x86_64.whl", hash = "sha256:dd22fa2dbbdf4b38061ca9504f2a6ce41ec14fa5c9fe9b0b763ccc1275efebd5", size = 1845477, upload-time = "2025-11-09T00:31:33.452Z" },
    { url = "https://files.pythonhosted.org/packages/f5/6c/4b972b011a06611e0cf8f4bb6bc04a3d0f9c651950ad9abe320fcbac6983/deptry-0.24.0-cp39-abi3-musllinux_1_1_aarch64.whl", hash = "sha256:0fbe50a2122d79cec53fdfd73a7092c05f316555a1139bcbacf3432572675977", size = 1960410, upload-time = "2025-11-09T00:31:31.174Z" },
    { url = "https://files.pythonhosted.org/packages/1b/08/0eac3c72a9fd79a043cc492f3ba350c47a7be2160288353218b2c8c1bf3a/deptry-0.24.0-cp39-abi3-musllinux_1_1_x86_64.whl", hash = "sha256:92bd8d331a5a6f8e6247436bc6fe384bcf86a8d69fe33442d195996fb9b20547", size = 2023832, upload-time = "2025-11-09T00:31:36.381Z" },
    { url = "https://files.pythonhosted.org/packages/35/e4/23dcbc505f6f35c70ba68015774cf891ceda080331d7fd6d75e84ada9f73/deptry-0.24.0-cp39-abi3-win_amd64.whl", hash = "sha256:94b354848130d45e16d3a3039ae8177bce33828f62028c4ff8f2e1b04f7182ba", size = 1631631, upload-time = "2025-11-09T00:31:47.108Z" },
    { url = "https://files.pythonhosted.org/packages/39/69/6ec1e18e27dd6f80e4fb6c5fc05a6527242ff83b81c0711d0ba470e9a144/deptry-0.24.0-cp39-abi3-win_arm64.whl", hash = "sha256:ea58709e5f3aa77c0737d8fb76166b7703201cf368fbbb14072ccda968b6703a", size = 1550504, upload-time = "2025-11-09T00:31:45.988Z" },
]

[[package]]
name = "deptry-auto"
version = "0.1.0"
source = { editable = "." }
dependencies = [
    { name = "deptry" },
]

[package.metadata]
requires-dist = [{ name = "deptry", specifier = ">=0.24.0" }]

[[package]]
name = "packaging"
version = "25.0"
source = { registry = "https://pypi.org/simple" }
sdist = { url = "https://files.pythonhosted.org/packages/a1/d4/1fc4078c65507b51b96ca8f8c3ba19e6a61c8253c72794544580a7b6c24d/packaging-25.0.tar.gz", hash = "sha256:d443872c98d677bf60f6a1f2f8c1cb748e8fe762d2bf9d3148b5599295b0fc4f", size = 165727, upload-time = "2025-04-19T11:48:59.673Z" }
wheels = [
    { url = "https://files.pythonhosted.org/packages/20/12/38679034af332785aac8774540895e234f4d07f7545804097de4b666afd8/packaging-25.0-py3-none-any.whl", hash = "sha256:29572ef2b1f17581046b3a2227d5c611fb25ec70ca1ba8554b24b0e69331a484", size = 66469, upload-time = "2025-04-19T11:48:57.875Z" },
]

[[package]]
name = "requirements-parser"
version = "0.13.0"
source = { registry = "https://pypi.org/simple" }
dependencies = [
    { name = "packaging" },
]
sdist = { url = "https://files.pythonhosted.org/packages/95/96/fb6dbfebb524d5601d359a47c78fe7ba1eef90fc4096404aa60c9a906fbb/requirements_parser-0.13.0.tar.gz", hash = "sha256:0843119ca2cb2331de4eb31b10d70462e39ace698fd660a915c247d2301a4418", size = 22630, upload-time = "2025-05-21T13:42:05.464Z" }
wheels = [
    { url = "https://files.pythonhosted.org/packages/bd/60/50fbb6ffb35f733654466f1a90d162bcbea358adc3b0871339254fbc37b2/requirements_parser-0.13.0-py3-none-any.whl", hash = "sha256:2b3173faecf19ec5501971b7222d38f04cb45bb9d87d0ad629ca71e2e62ded14", size = 14782, upload-time = "2025-05-21T13:42:04.007Z" },
]
